// !$*UTF8*$!
{
	archiveVersion = 1;
	classes = {
	};
	objectVersion = 46;
	objects = {

/* Begin PBXBuildFile section */
		417BB1761C30FBED00F13930 /* CameraViewController.swift in Sources */ = {isa = PBXBuildFile; fileRef = 417BB1751C30FBED00F13930 /* CameraViewController.swift */; };
		417BB1781C31050B00F13930 /* FriendsTableViewController.swift in Sources */ = {isa = PBXBuildFile; fileRef = 417BB1771C31050B00F13930 /* FriendsTableViewController.swift */; };
		417BB17A1C3105BE00F13930 /* Friend.swift in Sources */ = {isa = PBXBuildFile; fileRef = 417BB1791C3105BE00F13930 /* Friend.swift */; };
		418242781C30962700562A88 /* AppDelegate.swift in Sources */ = {isa = PBXBuildFile; fileRef = 418242771C30962700562A88 /* AppDelegate.swift */; };
		4182427F1C30962700562A88 /* Assets.xcassets in Resources */ = {isa = PBXBuildFile; fileRef = 4182427E1C30962700562A88 /* Assets.xcassets */; };
		418242821C30962700562A88 /* LaunchScreen.storyboard in Resources */ = {isa = PBXBuildFile; fileRef = 418242801C30962700562A88 /* LaunchScreen.storyboard */; };
		4182428F1C30997800562A88 /* Main.storyboard in Resources */ = {isa = PBXBuildFile; fileRef = 4182428E1C30997800562A88 /* Main.storyboard */; };
		418242911C30ADC200562A88 /* CreateColorViewController.swift in Sources */ = {isa = PBXBuildFile; fileRef = 418242901C30ADC200562A88 /* CreateColorViewController.swift */; };
		418242951C30D6E100562A88 /* ColorsTableViewController.swift in Sources */ = {isa = PBXBuildFile; fileRef = 418242941C30D6E100562A88 /* ColorsTableViewController.swift */; };
		418242971C30E69900562A88 /* MapKit.framework in Frameworks */ = {isa = PBXBuildFile; fileRef = 418242961C30E69900562A88 /* MapKit.framework */; };
		4182429A1C30EADA00562A88 /* MapViewController.swift in Sources */ = {isa = PBXBuildFile; fileRef = 418242991C30EADA00562A88 /* MapViewController.swift */; };
/* End PBXBuildFile section */

/* Begin PBXFileReference section */
		417BB1751C30FBED00F13930 /* CameraViewController.swift */ = {isa = PBXFileReference; fileEncoding = 4; lastKnownFileType = sourcecode.swift; path = CameraViewController.swift; sourceTree = "<group>"; };
		417BB1771C31050B00F13930 /* FriendsTableViewController.swift */ = {isa = PBXFileReference; fileEncoding = 4; lastKnownFileType = sourcecode.swift; path = FriendsTableViewController.swift; sourceTree = "<group>"; };
		417BB1791C3105BE00F13930 /* Friend.swift */ = {isa = PBXFileReference; fileEncoding = 4; lastKnownFileType = sourcecode.swift; path = Friend.swift; sourceTree = "<group>"; };
		418242741C30962700562A88 /* Friends.app */ = {isa = PBXFileReference; explicitFileType = wrapper.application; includeInIndex = 0; path = Friends.app; sourceTree = BUILT_PRODUCTS_DIR; };
		418242771C30962700562A88 /* AppDelegate.swift */ = {isa = PBXFileReference; lastKnownFileType = sourcecode.swift; path = AppDelegate.swift; sourceTree = "<group>"; };
		4182427E1C30962700562A88 /* Assets.xcassets */ = {isa = PBXFileReference; lastKnownFileType = folder.assetcatalog; path = Assets.xcassets; sourceTree = "<group>"; };
		418242811C30962700562A88 /* Base */ = {isa = PBXFileReference; lastKnownFileType = file.storyboard; name = Base; path = Base.lproj/LaunchScreen.storyboard; sourceTree = "<group>"; };
		418242831C30962700562A88 /* Info.plist */ = {isa = PBXFileReference; lastKnownFileType = text.plist.xml; path = Info.plist; sourceTree = "<group>"; };
		4182428E1C30997800562A88 /* Main.storyboard */ = {isa = PBXFileReference; fileEncoding = 4; lastKnownFileType = file.storyboard; path = Main.storyboard; sourceTree = "<group>"; };
		418242901C30ADC200562A88 /* CreateColorViewController.swift */ = {isa = PBXFileReference; fileEncoding = 4; lastKnownFileType = sourcecode.swift; path = CreateColorViewController.swift; sourceTree = "<group>"; };
		418242941C30D6E100562A88 /* ColorsTableViewController.swift */ = {isa = PBXFileReference; fileEncoding = 4; lastKnownFileType = sourcecode.swift; path = ColorsTableViewController.swift; sourceTree = "<group>"; };
		418242961C30E69900562A88 /* MapKit.framework */ = {isa = PBXFileReference; lastKnownFileType = wrapper.framework; name = MapKit.framework; path = System/Library/Frameworks/MapKit.framework; sourceTree = SDKROOT; };
		418242991C30EADA00562A88 /* MapViewController.swift */ = {isa = PBXFileReference; fileEncoding = 4; lastKnownFileType = sourcecode.swift; path = MapViewController.swift; sourceTree = "<group>"; };
/* End PBXFileReference section */

/* Begin PBXFrameworksBuildPhase section */
		418242711C30962700562A88 /* Frameworks */ = {
			isa = PBXFrameworksBuildPhase;
			buildActionMask = 2147483647;
			files = (
				418242971C30E69900562A88 /* MapKit.framework in Frameworks */,
			);
			runOnlyForDeploymentPostprocessing = 0;
		};
/* End PBXFrameworksBuildPhase section */

/* Begin PBXGroup section */
		4182426B1C30962700562A88 = {
			isa = PBXGroup;
			children = (
				418242981C30EA7D00562A88 /* Frameworks */,
				418242761C30962700562A88 /* Friends */,
				418242751C30962700562A88 /* Products */,
			);
			sourceTree = "<group>";
		};
		418242751C30962700562A88 /* Products */ = {
			isa = PBXGroup;
			children = (
				418242741C30962700562A88 /* Friends.app */,
			);
			name = Products;
			sourceTree = "<group>";
		};
		418242761C30962700562A88 /* Friends */ = {
			isa = PBXGroup;
			children = (
				4182428D1C3098A900562A88 /* Model */,
				4182428C1C3098A100562A88 /* View */,
				4182428B1C30989800562A88 /* Controllers */,
				418242771C30962700562A88 /* AppDelegate.swift */,
				4182427E1C30962700562A88 /* Assets.xcassets */,
				418242801C30962700562A88 /* LaunchScreen.storyboard */,
				418242831C30962700562A88 /* Info.plist */,
			);
			path = Friends;
			sourceTree = "<group>";
		};
		4182428B1C30989800562A88 /* Controllers */ = {
			isa = PBXGroup;
			children = (
				419C15081C31C46900F23B91 /* Helpers */,
				418242901C30ADC200562A88 /* CreateColorViewController.swift */,
				418242941C30D6E100562A88 /* ColorsTableViewController.swift */,
				418242991C30EADA00562A88 /* MapViewController.swift */,
				417BB1751C30FBED00F13930 /* CameraViewController.swift */,
				417BB1771C31050B00F13930 /* FriendsTableViewController.swift */,
			);
			name = Controllers;
			sourceTree = "<group>";
		};
		4182428C1C3098A100562A88 /* View */ = {
			isa = PBXGroup;
			children = (
				4182428E1C30997800562A88 /* Main.storyboard */,
			);
			name = View;
			sourceTree = "<group>";
		};
		4182428D1C3098A900562A88 /* Model */ = {
			isa = PBXGroup;
			children = (
				417BB1791C3105BE00F13930 /* Friend.swift */,
			);
			name = Model;
			sourceTree = "<group>";
		};
		418242981C30EA7D00562A88 /* Frameworks */ = {
			isa = PBXGroup;
			children = (
				418242961C30E69900562A88 /* MapKit.framework */,
			);
			name = Frameworks;
			sourceTree = "<group>";
		};
		419C15081C31C46900F23B91 /* Helpers */ = {
			isa = PBXGroup;
			children = (
			);
			name = Helpers;
			sourceTree = "<group>";
		};
/* End PBXGroup section */

/* Begin PBXNativeTarget section */
		418242731C30962700562A88 /* Friends */ = {
			isa = PBXNativeTarget;
			buildConfigurationList = 418242861C30962700562A88 /* Build configuration list for PBXNativeTarget "Friends" */;
			buildPhases = (
				418242701C30962700562A88 /* Sources */,
				418242711C30962700562A88 /* Frameworks */,
				418242721C30962700562A88 /* Resources */,
			);
			buildRules = (
			);
			dependencies = (
			);
			name = Friends;
			productName = Friends;
			productReference = 418242741C30962700562A88 /* Friends.app */;
			productType = "com.apple.product-type.application";
		};
/* End PBXNativeTarget section */

/* Begin PBXProject section */
		4182426C1C30962700562A88 /* Project object */ = {
			isa = PBXProject;
			attributes = {
				LastSwiftUpdateCheck = 0720;
				LastUpgradeCheck = 0720;
				ORGANIZATIONNAME = "Nivardo Ibarra";
				TargetAttributes = {
					418242731C30962700562A88 = {
						CreatedOnToolsVersion = 7.2;
						DevelopmentTeam = 3P6GBLK989;
					};
				};
			};
			buildConfigurationList = 4182426F1C30962700562A88 /* Build configuration list for PBXProject "Friends" */;
			compatibilityVersion = "Xcode 3.2";
			developmentRegion = English;
			hasScannedForEncodings = 0;
			knownRegions = (
				en,
				Base,
			);
			mainGroup = 4182426B1C30962700562A88;
			productRefGroup = 418242751C30962700562A88 /* Products */;
			projectDirPath = "";
			projectRoot = "";
			targets = (
				418242731C30962700562A88 /* Friends */,
			);
		};
/* End PBXProject section */

/* Begin PBXResourcesBuildPhase section */
		418242721C30962700562A88 /* Resources */ = {
			isa = PBXResourcesBuildPhase;
			buildActionMask = 2147483647;
			files = (
				4182428F1C30997800562A88 /* Main.storyboard in Resources */,
				418242821C30962700562A88 /* LaunchScreen.storyboard in Resources */,
				4182427F1C30962700562A88 /* Assets.xcassets in Resources */,
			);
			runOnlyForDeploymentPostprocessing = 0;
		};
/* End PBXResourcesBuildPhase section */

/* Begin PBXSourcesBuildPhase section */
		418242701C30962700562A88 /* Sources */ = {
			isa = PBXSourcesBuildPhase;
			buildActionMask = 2147483647;
			files = (
				418242911C30ADC200562A88 /* CreateColorViewController.swift in Sources */,
				417BB17A1C3105BE00F13930 /* Friend.swift in Sources */,
				417BB1761C30FBED00F13930 /* CameraViewController.swift in Sources */,
				417BB1781C31050B00F13930 /* FriendsTableViewController.swift in Sources */,
				418242781C30962700562A88 /* AppDelegate.swift in Sources */,
				418242951C30D6E100562A88 /* ColorsTableViewController.swift in Sources */,
				4182429A1C30EADA00562A88 /* MapViewController.swift in Sources */,
			);
			runOnlyForDeploymentPostprocessing = 0;
		};
/* End PBXSourcesBuildPhase section */

/* Begin PBXVariantGroup section */
		418242801C30962700562A88 /* LaunchScreen.storyboard */ = {
			isa = PBXVariantGroup;
			children = (
				418242811C30962700562A88 /* Base */,
			);
			name = LaunchScreen.storyboard;
			sourceTree = "<group>";
		};
/* End PBXVariantGroup section */

/* Begin XCBuildConfiguration section */
		418242841C30962700562A88 /* Debug */ = {
			isa = XCBuildConfiguration;
			buildSettings = {
				ALWAYS_SEARCH_USER_PATHS = NO;
				CLANG_CXX_LANGUAGE_STANDARD = "gnu++0x";
				CLANG_CXX_LIBRARY = "libc++";
				CLANG_ENABLE_MODULES = YES;
				CLANG_ENABLE_OBJC_ARC = YES;
				CLANG_WARN_BOOL_CONVERSION = YES;
				CLANG_WARN_CONSTANT_CONVERSION = YES;
				CLANG_WARN_DIRECT_OBJC_ISA_USAGE = YES_ERROR;
				CLANG_WARN_EMPTY_BODY = YES;
				CLANG_WARN_ENUM_CONVERSION = YES;
				CLANG_WARN_INT_CONVERSION = YES;
				CLANG_WARN_OBJC_ROOT_CLASS = YES_ERROR;
				CLANG_WARN_UNREACHABLE_CODE = YES;
				CLANG_WARN__DUPLICATE_METHOD_MATCH = YES;
				"CODE_SIGN_IDENTITY[sdk=iphoneos*]" = "iPhone Developer";
				COPY_PHASE_STRIP = NO;
				DEBUG_INFORMATION_FORMAT = dwarf;
				ENABLE_STRICT_OBJC_MSGSEND = YES;
				ENABLE_TESTABILITY = YES;
				GCC_C_LANGUAGE_STANDARD = gnu99;
				GCC_DYNAMIC_NO_PIC = NO;
				GCC_NO_COMMON_BLOCKS = YES;
				GCC_OPTIMIZATION_LEVEL = 0;
				GCC_PREPROCESSOR_DEFINITIONS = (
					"DEBUG=1",
					"$(inherited)",
				);
				GCC_WARN_64_TO_32_BIT_CONVERSION = YES;
				GCC_WARN_ABOUT_RETURN_TYPE = YES_ERROR;
				GCC_WARN_UNDECLARED_SELECTOR = YES;
				GCC_WARN_UNINITIALIZED_AUTOS = YES_AGGRESSIVE;
				GCC_WARN_UNUSED_FUNCTION = YES;
				GCC_WARN_UNUSED_VARIABLE = YES;
				IPHONEOS_DEPLOYMENT_TARGET = 9.2;
				MTL_ENABLE_DEBUG_INFO = YES;
				ONLY_ACTIVE_ARCH = YES;
				SDKROOT = iphoneos;
				SWIFT_OPTIMIZATION_LEVEL = "-Onone";
				TARGETED_DEVICE_FAMILY = "1,2";
			};
			name = Debug;
		};
		418242851C30962700562A88 /* Release */ = {
			isa = XCBuildConfiguration;
			buildSettings = {
				ALWAYS_SEARCH_USER_PATHS = NO;
				CLANG_CXX_LANGUAGE_STANDARD = "gnu++0x";
				CLANG_CXX_LIBRARY = "libc++";
				CLANG_ENABLE_MODULES = YES;
				CLANG_ENABLE_OBJC_ARC = YES;
				CLANG_WARN_BOOL_CONVERSION = YES;
				CLANG_WARN_CONSTANT_CONVERSION = YES;
				CLANG_WARN_DIRECT_OBJC_ISA_USAGE = YES_ERROR;
				CLANG_WARN_EMPTY_BODY = YES;
				CLANG_WARN_ENUM_CONVERSION = YES;
				CLANG_WARN_INT_CONVERSION = YES;
				CLANG_WARN_OBJC_ROOT_CLASS = YES_ERROR;
				CLANG_WARN_UNREACHABLE_CODE = YES;
				CLANG_WARN__DUPLICATE_METHOD_MATCH = YES;
				"CODE_SIGN_IDENTITY[sdk=iphoneos*]" = "iPhone Developer";
				COPY_PHASE_STRIP = NO;
				DEBUG_INFORMATION_FORMAT = "dwarf-with-dsym";
				ENABLE_NS_ASSERTIONS = NO;
				ENABLE_STRICT_OBJC_MSGSEND = YES;
				GCC_C_LANGUAGE_STANDARD = gnu99;
				GCC_NO_COMMON_BLOCKS = YES;
				GCC_WARN_64_TO_32_BIT_CONVERSION = YES;
				GCC_WARN_ABOUT_RETURN_TYPE = YES_ERROR;
				GCC_WARN_UNDECLARED_SELECTOR = YES;
				GCC_WARN_UNINITIALIZED_AUTOS = YES_AGGRESSIVE;
				GCC_WARN_UNUSED_FUNCTION = YES;
				GCC_WARN_UNUSED_VARIABLE = YES;
				IPHONEOS_DEPLOYMENT_TARGET = 9.2;
				MTL_ENABLE_DEBUG_INFO = NO;
				SDKROOT = iphoneos;
				TARGETED_DEVICE_FAMILY = "1,2";
				VALIDATE_PRODUCT = YES;
			};
			name = Release;
		};
		418242871C30962700562A88 /* Debug */ = {
			isa = XCBuildConfiguration;
			buildSettings = {
				ASSETCATALOG_COMPILER_APPICON_NAME = AppIcon;
				CODE_SIGN_IDENTITY = "iPhone Developer";
				INFOPLIST_FILE = Friends/Info.plist;
				LD_RUNPATH_SEARCH_PATHS = "$(inherited) @executable_path/Frameworks";
				PRODUCT_BUNDLE_IDENTIFIER = ibarra.nivardo.nayeli.lopez.Friends;
				PRODUCT_NAME = "$(TARGET_NAME)";
			};
			name = Debug;
		};
		418242881C30962700562A88 /* Release */ = {
			isa = XCBuildConfiguration;
			buildSettings = {
				ASSETCATALOG_COMPILER_APPICON_NAME = AppIcon;
				CODE_SIGN_IDENTITY = "iPhone Developer";
				INFOPLIST_FILE = Friends/Info.plist;
				LD_RUNPATH_SEARCH_PATHS = "$(inherited) @executable_path/Frameworks";
				PRODUCT_BUNDLE_IDENTIFIER = ibarra.nivardo.nayeli.lopez.Friends;
				PRODUCT_NAME = "$(TARGET_NAME)";
			};
			name = Release;
		};
/* End XCBuildConfiguration section */

/* Begin XCConfigurationList section */
		4182426F1C30962700562A88 /* Build configuration list for PBXProject "Friends" */ = {
			isa = XCConfigurationList;
			buildConfigurations = (
				418242841C30962700562A88 /* Debug */,
				418242851C30962700562A88 /* Release */,
			);
			defaultConfigurationIsVisible = 0;
			defaultConfigurationName = Release;
		};
		418242861C30962700562A88 /* Build configuration list for PBXNativeTarget "Friends" */ = {
			isa = XCConfigurationList;
			buildConfigurations = (
				418242871C30962700562A88 /* Debug */,
				418242881C30962700562A88 /* Release */,
			);
			defaultConfigurationIsVisible = 0;
			defaultConfigurationName = Release;
		};
/* End XCConfigurationList section */
	};
	rootObject = 4182426C1C30962700562A88 /* Project object */;
}
